
Microsoft Visual Studio Solution File, Format Version 12.00
# Visual Studio 15
Project("{FAE04EC0-301F-11D3-BF4B-00C04F79EFBC}") = "Assembly-CSharp", "Assembly-CSharp.csproj", "{87389E3B-E797-D0B1-9519-02549D0369D7}"
EndProject
Project("{FAE04EC0-301F-11D3-BF4B-00C04F79EFBC}") = "Assembly-CSharp-firstpass", "Assembly-CSharp-firstpass.csproj", "{CBA76A92-DBB5-210F-831F-9DDF89BAAA8A}"
EndProject
Project("{FAE04EC0-301F-11D3-BF4B-00C04F79EFBC}") = "Assembly-CSharp-Editor", "Assembly-CSharp-Editor.csproj", "{E489EBAC-1386-C918-4F3F-5F23EA11C307}"
EndProject
Global
	GlobalSection(SolutionConfigurationPlatforms) = preSolution
		Debug|Any CPU = Debug|Any CPU
		Release|Any CPU = Release|Any CPU
	EndGlobalSection
	GlobalSection(ProjectConfigurationPlatforms) = postSolution
		{87389E3B-E797-D0B1-9519-02549D0369D7}.Debug|Any CPU.ActiveCfg = Debug|Any CPU
		{87389E3B-E797-D0B1-9519-02549D0369D7}.Debug|Any CPU.Build.0 = Debug|Any CPU
		{87389E3B-E797-D0B1-9519-02549D0369D7}.Release|Any CPU.ActiveCfg = Release|Any CPU
		{87389E3B-E797-D0B1-9519-02549D0369D7}.Release|Any CPU.Build.0 = Release|Any CPU
		{CBA76A92-DBB5-210F-831F-9DDF89BAAA8A}.Debug|Any CPU.ActiveCfg = Debug|Any CPU
		{CBA76A92-DBB5-210F-831F-9DDF89BAAA8A}.Debug|Any CPU.Build.0 = Debug|Any CPU
		{CBA76A92-DBB5-210F-831F-9DDF89BAAA8A}.Release|Any CPU.ActiveCfg = Release|Any CPU
		{CBA76A92-DBB5-210F-831F-9DDF89BAAA8A}.Release|Any CPU.Build.0 = Release|Any CPU
		{E489EBAC-1386-C918-4F3F-5F23EA11C307}.Debug|Any CPU.ActiveCfg = Debug|Any CPU
		{E489EBAC-1386-C918-4F3F-5F23EA11C307}.Debug|Any CPU.Build.0 = Debug|Any CPU
		{E489EBAC-1386-C918-4F3F-5F23EA11C307}.Release|Any CPU.ActiveCfg = Release|Any CPU
		{E489EBAC-1386-C918-4F3F-5F23EA11C307}.Release|Any CPU.Build.0 = Release|Any CPU
	EndGlobalSection
	GlobalSection(SolutionProperties) = preSolution
		HideSolutionNode = FALSE
	EndGlobalSection
EndGlobal
